
Microsoft Visual Studio Solution File, Format Version 12.00
# Visual Studio Version 17
VisualStudioVersion = 17.3.32825.248
MinimumVisualStudioVersion = 10.0.40219.1
Project("{FAE04EC0-301F-11D3-BF4B-00C04F79EFBC}") = "MVC-WebApplication1", "MVC-WebApplication1\MVC-WebApplication1.csproj", "{9242DDD9-C0F1-4094-B1FD-3A3039CCD619}"
EndProject
Global
	GlobalSection(SolutionConfigurationPlatforms) = preSolution
		Debug|Any CPU = Debug|Any CPU
		Release|Any CPU = Release|Any CPU
	EndGlobalSection
	GlobalSection(ProjectConfigurationPlatforms) = postSolution
		{9242DDD9-C0F1-4094-B1FD-3A3039CCD619}.Debug|Any CPU.ActiveCfg = Debug|Any CPU
		{9242DDD9-C0F1-4094-B1FD-3A3039CCD619}.Debug|Any CPU.Build.0 = Debug|Any CPU
		{9242DDD9-C0F1-4094-B1FD-3A3039CCD619}.Release|Any CPU.ActiveCfg = Release|Any CPU
		{9242DDD9-C0F1-4094-B1FD-3A3039CCD619}.Release|Any CPU.Build.0 = Release|Any CPU
	EndGlobalSection
	GlobalSection(SolutionProperties) = preSolution
		HideSolutionNode = FALSE
	EndGlobalSection
	GlobalSection(ExtensibilityGlobals) = postSolution
		SolutionGuid = {621B91D6-10AD-476F-B58E-4C93A084E483}
	EndGlobalSection
EndGlobal
